
Microsoft Visual Studio Solution File, Format Version 12.00
# Visual Studio Version 16
VisualStudioVersion = 16.0.28803.352
MinimumVisualStudioVersion = 10.0.40219.1
Project("{FAE04EC0-301F-11D3-BF4B-00C04F79EFBC}") = "ColumnWidthTest", "ColumnWidthTest.csproj", "{A3ECE9F5-74E6-4C48-A8A4-3A642EBFA248}"
EndProject
Global
	GlobalSection(SolutionConfigurationPlatforms) = preSolution
		Debug|Any CPU = Debug|Any CPU
		Release|Any CPU = Release|Any CPU
	EndGlobalSection
	GlobalSection(ProjectConfigurationPlatforms) = postSolution
		{A3ECE9F5-74E6-4C48-A8A4-3A642EBFA248}.Debug|Any CPU.ActiveCfg = Debug|Any CPU
		{A3ECE9F5-74E6-4C48-A8A4-3A642EBFA248}.Debug|Any CPU.Build.0 = Debug|Any CPU
		{A3ECE9F5-74E6-4C48-A8A4-3A642EBFA248}.Release|Any CPU.ActiveCfg = Release|Any CPU
		{A3ECE9F5-74E6-4C48-A8A4-3A642EBFA248}.Release|Any CPU.Build.0 = Release|Any CPU
	EndGlobalSection
	GlobalSection(SolutionProperties) = preSolution
		HideSolutionNode = FALSE
	EndGlobalSection
	GlobalSection(ExtensibilityGlobals) = postSolution
		SolutionGuid = {981AF200-65C2-4C77-A4DF-A48593C697C0}
	EndGlobalSection
EndGlobal
